
Microsoft Visual Studio Solution File, Format Version 12.00
# Visual Studio Version 17
VisualStudioVersion = 17.0.31903.59
MinimumVisualStudioVersion = 10.0.40219.1
Project("{FAE04EC0-301F-11D3-BF4B-00C04F79EFBC}") = "BearAdapter", "BearAdapter\BearAdapter.csproj", "{904D7E3C-FF58-439F-B930-F0E5497692C1}"
EndProject
Project("{FAE04EC0-301F-11D3-BF4B-00C04F79EFBC}") = "Descompressor", "Descompressor\Descompressor.csproj", "{A51B9E3C-34C9-48ED-8CC0-9FA6D04AE510}"
EndProject
Project("{FAE04EC0-301F-11D3-BF4B-00C04F79EFBC}") = "FileStreams", "FileStreams\FileStreams.csproj", "{70587227-50E4-4A14-8238-BD0A92914AC9}"
EndProject
Global
	GlobalSection(SolutionConfigurationPlatforms) = preSolution
		Debug|Any CPU = Debug|Any CPU
		Release|Any CPU = Release|Any CPU
	EndGlobalSection
	GlobalSection(SolutionProperties) = preSolution
		HideSolutionNode = FALSE
	EndGlobalSection
	GlobalSection(ProjectConfigurationPlatforms) = postSolution
		{904D7E3C-FF58-439F-B930-F0E5497692C1}.Debug|Any CPU.ActiveCfg = Debug|Any CPU
		{904D7E3C-FF58-439F-B930-F0E5497692C1}.Debug|Any CPU.Build.0 = Debug|Any CPU
		{904D7E3C-FF58-439F-B930-F0E5497692C1}.Release|Any CPU.ActiveCfg = Release|Any CPU
		{904D7E3C-FF58-439F-B930-F0E5497692C1}.Release|Any CPU.Build.0 = Release|Any CPU
		{A51B9E3C-34C9-48ED-8CC0-9FA6D04AE510}.Debug|Any CPU.ActiveCfg = Debug|Any CPU
		{A51B9E3C-34C9-48ED-8CC0-9FA6D04AE510}.Debug|Any CPU.Build.0 = Debug|Any CPU
		{A51B9E3C-34C9-48ED-8CC0-9FA6D04AE510}.Release|Any CPU.ActiveCfg = Release|Any CPU
		{A51B9E3C-34C9-48ED-8CC0-9FA6D04AE510}.Release|Any CPU.Build.0 = Release|Any CPU
		{70587227-50E4-4A14-8238-BD0A92914AC9}.Debug|Any CPU.ActiveCfg = Debug|Any CPU
		{70587227-50E4-4A14-8238-BD0A92914AC9}.Debug|Any CPU.Build.0 = Debug|Any CPU
		{70587227-50E4-4A14-8238-BD0A92914AC9}.Release|Any CPU.ActiveCfg = Release|Any CPU
		{70587227-50E4-4A14-8238-BD0A92914AC9}.Release|Any CPU.Build.0 = Release|Any CPU
	EndGlobalSection
EndGlobal
